
Microsoft Visual Studio Solution File, Format Version 12.00
# Visual Studio Version 16
VisualStudioVersion = 16.0.29418.71
MinimumVisualStudioVersion = 10.0.40219.1
Project("{FAE04EC0-301F-11D3-BF4B-00C04F79EFBC}") = "GMAC", "GMAC\GMAC.csproj", "{B6FC7FB8-76A5-488D-A56D-92D4DACA7AC5}"
EndProject
Global
	GlobalSection(SolutionConfigurationPlatforms) = preSolution
		Debug|Any CPU = Debug|Any CPU
		Release|Any CPU = Release|Any CPU
	EndGlobalSection
	GlobalSection(ProjectConfigurationPlatforms) = postSolution
		{B6FC7FB8-76A5-488D-A56D-92D4DACA7AC5}.Debug|Any CPU.ActiveCfg = Debug|Any CPU
		{B6FC7FB8-76A5-488D-A56D-92D4DACA7AC5}.Debug|Any CPU.Build.0 = Debug|Any CPU
		{B6FC7FB8-76A5-488D-A56D-92D4DACA7AC5}.Release|Any CPU.ActiveCfg = Release|Any CPU
		{B6FC7FB8-76A5-488D-A56D-92D4DACA7AC5}.Release|Any CPU.Build.0 = Release|Any CPU
	EndGlobalSection
	GlobalSection(SolutionProperties) = preSolution
		HideSolutionNode = FALSE
	EndGlobalSection
	GlobalSection(ExtensibilityGlobals) = postSolution
		SolutionGuid = {AD1B0ED4-20B1-4703-9C7F-576DB1730295}
	EndGlobalSection
EndGlobal
